
Microsoft Visual Studio Solution File, Format Version 12.00
# Visual Studio 15
VisualStudioVersion = 15.0.27428.2037
MinimumVisualStudioVersion = 10.0.40219.1
Project("{FAE04EC0-301F-11D3-BF4B-00C04F79EFBC}") = "CoberturaCoverageReportBaseDirFixer", "CoberturaCoverageReportBaseDirFixer\CoberturaCoverageReportBaseDirFixer.csproj", "{31267378-FE40-44D5-9DC2-6FC5ADEC568D}"
EndProject
Project("{FAE04EC0-301F-11D3-BF4B-00C04F79EFBC}") = "CoberturaCoverageReportBaseDirFixer.Core", "CoberturaCoverageReportBaseDirFixer.Core\CoberturaCoverageReportBaseDirFixer.Core.csproj", "{FD557FB4-311C-4BEF-B8D8-4384C20D7F3D}"
EndProject
Project("{FAE04EC0-301F-11D3-BF4B-00C04F79EFBC}") = "CoberturaCoverageReportBaseDirFixer.Core.UnitTests", "CoberturaCoverageReportBaseDirFixer.Core.UnitTests\CoberturaCoverageReportBaseDirFixer.Core.UnitTests.csproj", "{1381E952-3E01-4F02-AB4C-32CFDB20B4A6}"
EndProject
Global
	GlobalSection(SolutionConfigurationPlatforms) = preSolution
		Debug|Any CPU = Debug|Any CPU
		Release|Any CPU = Release|Any CPU
	EndGlobalSection
	GlobalSection(ProjectConfigurationPlatforms) = postSolution
		{31267378-FE40-44D5-9DC2-6FC5ADEC568D}.Debug|Any CPU.ActiveCfg = Debug|Any CPU
		{31267378-FE40-44D5-9DC2-6FC5ADEC568D}.Debug|Any CPU.Build.0 = Debug|Any CPU
		{31267378-FE40-44D5-9DC2-6FC5ADEC568D}.Release|Any CPU.ActiveCfg = Release|Any CPU
		{31267378-FE40-44D5-9DC2-6FC5ADEC568D}.Release|Any CPU.Build.0 = Release|Any CPU
		{FD557FB4-311C-4BEF-B8D8-4384C20D7F3D}.Debug|Any CPU.ActiveCfg = Debug|Any CPU
		{FD557FB4-311C-4BEF-B8D8-4384C20D7F3D}.Debug|Any CPU.Build.0 = Debug|Any CPU
		{FD557FB4-311C-4BEF-B8D8-4384C20D7F3D}.Release|Any CPU.ActiveCfg = Release|Any CPU
		{FD557FB4-311C-4BEF-B8D8-4384C20D7F3D}.Release|Any CPU.Build.0 = Release|Any CPU
		{1381E952-3E01-4F02-AB4C-32CFDB20B4A6}.Debug|Any CPU.ActiveCfg = Debug|Any CPU
		{1381E952-3E01-4F02-AB4C-32CFDB20B4A6}.Debug|Any CPU.Build.0 = Debug|Any CPU
		{1381E952-3E01-4F02-AB4C-32CFDB20B4A6}.Release|Any CPU.ActiveCfg = Release|Any CPU
		{1381E952-3E01-4F02-AB4C-32CFDB20B4A6}.Release|Any CPU.Build.0 = Release|Any CPU
	EndGlobalSection
	GlobalSection(SolutionProperties) = preSolution
		HideSolutionNode = FALSE
	EndGlobalSection
	GlobalSection(ExtensibilityGlobals) = postSolution
		SolutionGuid = {D2054D43-5BD8-42E6-B6FA-FD372CE10D99}
	EndGlobalSection
EndGlobal
